
Microsoft Visual Studio Solution File, Format Version 12.00
# Visual Studio 15
VisualStudioVersion = 15.0.28307.329
MinimumVisualStudioVersion = 10.0.40219.1
Project("{9A19103F-16F7-4668-BE54-9A1E7A4F7556}") = "Notigraghy", "Notigraghy\Notigraghy.csproj", "{DB7374D7-73EB-48AA-8F99-A872AE766B83}"
EndProject
Project("{FAE04EC0-301F-11D3-BF4B-00C04F79EFBC}") = "Notigraghy.Android", "Notigraghy.Android\Notigraghy.Android.csproj", "{6188B92C-A9C4-41F7-8E34-1A0C6649EA00}"
EndProject
Project("{FAE04EC0-301F-11D3-BF4B-00C04F79EFBC}") = "Notigraghy.iOS", "Notigraghy.iOS\Notigraghy.iOS.csproj", "{436C0E46-E101-4530-817B-74ACB6F7759C}"
EndProject
Global
	GlobalSection(SolutionConfigurationPlatforms) = preSolution
		Ad-Hoc|Any CPU = Ad-Hoc|Any CPU
		Ad-Hoc|iPhone = Ad-Hoc|iPhone
		Ad-Hoc|iPhoneSimulator = Ad-Hoc|iPhoneSimulator
		AppStore|Any CPU = AppStore|Any CPU
		AppStore|iPhone = AppStore|iPhone
		AppStore|iPhoneSimulator = AppStore|iPhoneSimulator
		Debug|Any CPU = Debug|Any CPU
		Debug|iPhone = Debug|iPhone
		Debug|iPhoneSimulator = Debug|iPhoneSimulator
		Release|Any CPU = Release|Any CPU
		Release|iPhone = Release|iPhone
		Release|iPhoneSimulator = Release|iPhoneSimulator
	EndGlobalSection
	GlobalSection(ProjectConfigurationPlatforms) = postSolution
		{DB7374D7-73EB-48AA-8F99-A872AE766B83}.Ad-Hoc|Any CPU.ActiveCfg = Debug|Any CPU
		{DB7374D7-73EB-48AA-8F99-A872AE766B83}.Ad-Hoc|Any CPU.Build.0 = Debug|Any CPU
		{DB7374D7-73EB-48AA-8F99-A872AE766B83}.Ad-Hoc|iPhone.ActiveCfg = Debug|Any CPU
		{DB7374D7-73EB-48AA-8F99-A872AE766B83}.Ad-Hoc|iPhone.Build.0 = Debug|Any CPU
		{DB7374D7-73EB-48AA-8F99-A872AE766B83}.Ad-Hoc|iPhoneSimulator.ActiveCfg = Debug|Any CPU
		{DB7374D7-73EB-48AA-8F99-A872AE766B83}.Ad-Hoc|iPhoneSimulator.Build.0 = Debug|Any CPU
		{DB7374D7-73EB-48AA-8F99-A872AE766B83}.AppStore|Any CPU.ActiveCfg = Debug|Any CPU
		{DB7374D7-73EB-48AA-8F99-A872AE766B83}.AppStore|Any CPU.Build.0 = Debug|Any CPU
		{DB7374D7-73EB-48AA-8F99-A872AE766B83}.AppStore|iPhone.ActiveCfg = Debug|Any CPU
		{DB7374D7-73EB-48AA-8F99-A872AE766B83}.AppStore|iPhone.Build.0 = Debug|Any CPU
		{DB7374D7-73EB-48AA-8F99-A872AE766B83}.AppStore|iPhoneSimulator.ActiveCfg = Debug|Any CPU
		{DB7374D7-73EB-48AA-8F99-A872AE766B83}.AppStore|iPhoneSimulator.Build.0 = Debug|Any CPU
		{DB7374D7-73EB-48AA-8F99-A872AE766B83}.Debug|Any CPU.ActiveCfg = Debug|Any CPU
		{DB7374D7-73EB-48AA-8F99-A872AE766B83}.Debug|Any CPU.Build.0 = Debug|Any CPU
		{DB7374D7-73EB-48AA-8F99-A872AE766B83}.Debug|iPhone.ActiveCfg = Debug|Any CPU
		{DB7374D7-73EB-48AA-8F99-A872AE766B83}.Debug|iPhone.Build.0 = Debug|Any CPU
		{DB7374D7-73EB-48AA-8F99-A872AE766B83}.Debug|iPhoneSimulator.ActiveCfg = Debug|Any CPU
		{DB7374D7-73EB-48AA-8F99-A872AE766B83}.Debug|iPhoneSimulator.Build.0 = Debug|Any CPU
		{DB7374D7-73EB-48AA-8F99-A872AE766B83}.Release|Any CPU.ActiveCfg = Release|Any CPU
		{DB7374D7-73EB-48AA-8F99-A872AE766B83}.Release|Any CPU.Build.0 = Release|Any CPU
		{DB7374D7-73EB-48AA-8F99-A872AE766B83}.Release|iPhone.ActiveCfg = Release|Any CPU
		{DB7374D7-73EB-48AA-8F99-A872AE766B83}.Release|iPhone.Build.0 = Release|Any CPU
		{DB7374D7-73EB-48AA-8F99-A872AE766B83}.Release|iPhoneSimulator.ActiveCfg = Release|Any CPU
		{DB7374D7-73EB-48AA-8F99-A872AE766B83}.Release|iPhoneSimulator.Build.0 = Release|Any CPU
		{6188B92C-A9C4-41F7-8E34-1A0C6649EA00}.Ad-Hoc|Any CPU.ActiveCfg = Release|Any CPU
		{6188B92C-A9C4-41F7-8E34-1A0C6649EA00}.Ad-Hoc|Any CPU.Build.0 = Release|Any CPU
		{6188B92C-A9C4-41F7-8E34-1A0C6649EA00}.Ad-Hoc|Any CPU.Deploy.0 = Release|Any CPU
		{6188B92C-A9C4-41F7-8E34-1A0C6649EA00}.Ad-Hoc|iPhone.ActiveCfg = Release|Any CPU
		{6188B92C-A9C4-41F7-8E34-1A0C6649EA00}.Ad-Hoc|iPhone.Build.0 = Release|Any CPU
		{6188B92C-A9C4-41F7-8E34-1A0C6649EA00}.Ad-Hoc|iPhone.Deploy.0 = Release|Any CPU
		{6188B92C-A9C4-41F7-8E34-1A0C6649EA00}.Ad-Hoc|iPhoneSimulator.ActiveCfg = Release|Any CPU
		{6188B92C-A9C4-41F7-8E34-1A0C6649EA00}.Ad-Hoc|iPhoneSimulator.Build.0 = Release|Any CPU
		{6188B92C-A9C4-41F7-8E34-1A0C6649EA00}.Ad-Hoc|iPhoneSimulator.Deploy.0 = Release|Any CPU
		{6188B92C-A9C4-41F7-8E34-1A0C6649EA00}.AppStore|Any CPU.ActiveCfg = Release|Any CPU
		{6188B92C-A9C4-41F7-8E34-1A0C6649EA00}.AppStore|Any CPU.Build.0 = Release|Any CPU
		{6188B92C-A9C4-41F7-8E34-1A0C6649EA00}.AppStore|Any CPU.Deploy.0 = Release|Any CPU
		{6188B92C-A9C4-41F7-8E34-1A0C6649EA00}.AppStore|iPhone.ActiveCfg = Release|Any CPU
		{6188B92C-A9C4-41F7-8E34-1A0C6649EA00}.AppStore|iPhone.Build.0 = Release|Any CPU
		{6188B92C-A9C4-41F7-8E34-1A0C6649EA00}.AppStore|iPhone.Deploy.0 = Release|Any CPU
		{6188B92C-A9C4-41F7-8E34-1A0C6649EA00}.AppStore|iPhoneSimulator.ActiveCfg = Release|Any CPU
		{6188B92C-A9C4-41F7-8E34-1A0C6649EA00}.AppStore|iPhoneSimulator.Build.0 = Release|Any CPU
		{6188B92C-A9C4-41F7-8E34-1A0C6649EA00}.AppStore|iPhoneSimulator.Deploy.0 = Release|Any CPU
		{6188B92C-A9C4-41F7-8E34-1A0C6649EA00}.Debug|Any CPU.ActiveCfg = Debug|Any CPU
		{6188B92C-A9C4-41F7-8E34-1A0C6649EA00}.Debug|Any CPU.Build.0 = Debug|Any CPU
		{6188B92C-A9C4-41F7-8E34-1A0C6649EA00}.Debug|Any CPU.Deploy.0 = Debug|Any CPU
		{6188B92C-A9C4-41F7-8E34-1A0C6649EA00}.Debug|iPhone.ActiveCfg = Debug|Any CPU
		{6188B92C-A9C4-41F7-8E34-1A0C6649EA00}.Debug|iPhone.Build.0 = Debug|Any CPU
		{6188B92C-A9C4-41F7-8E34-1A0C6649EA00}.Debug|iPhone.Deploy.0 = Debug|Any CPU
		{6188B92C-A9C4-41F7-8E34-1A0C6649EA00}.Debug|iPhoneSimulator.ActiveCfg = Debug|Any CPU
		{6188B92C-A9C4-41F7-8E34-1A0C6649EA00}.Debug|iPhoneSimulator.Build.0 = Debug|Any CPU
		{6188B92C-A9C4-41F7-8E34-1A0C6649EA00}.Debug|iPhoneSimulator.Deploy.0 = Debug|Any CPU
		{6188B92C-A9C4-41F7-8E34-1A0C6649EA00}.Release|Any CPU.ActiveCfg = Release|Any CPU
		{6188B92C-A9C4-41F7-8E34-1A0C6649EA00}.Release|Any CPU.Build.0 = Release|Any CPU
		{6188B92C-A9C4-41F7-8E34-1A0C6649EA00}.Release|Any CPU.Deploy.0 = Release|Any CPU
		{6188B92C-A9C4-41F7-8E34-1A0C6649EA00}.Release|iPhone.ActiveCfg = Release|Any CPU
		{6188B92C-A9C4-41F7-8E34-1A0C6649EA00}.Release|iPhone.Build.0 = Release|Any CPU
		{6188B92C-A9C4-41F7-8E34-1A0C6649EA00}.Release|iPhone.Deploy.0 = Release|Any CPU
		{6188B92C-A9C4-41F7-8E34-1A0C6649EA00}.Release|iPhoneSimulator.ActiveCfg = Release|Any CPU
		{6188B92C-A9C4-41F7-8E34-1A0C6649EA00}.Release|iPhoneSimulator.Build.0 = Release|Any CPU
		{6188B92C-A9C4-41F7-8E34-1A0C6649EA00}.Release|iPhoneSimulator.Deploy.0 = Release|Any CPU
		{436C0E46-E101-4530-817B-74ACB6F7759C}.Ad-Hoc|Any CPU.ActiveCfg = Ad-Hoc|iPhone
		{436C0E46-E101-4530-817B-74ACB6F7759C}.Ad-Hoc|iPhone.ActiveCfg = Ad-Hoc|iPhone
		{436C0E46-E101-4530-817B-74ACB6F7759C}.Ad-Hoc|iPhone.Build.0 = Ad-Hoc|iPhone
		{436C0E46-E101-4530-817B-74ACB6F7759C}.Ad-Hoc|iPhoneSimulator.ActiveCfg = Ad-Hoc|iPhoneSimulator
		{436C0E46-E101-4530-817B-74ACB6F7759C}.Ad-Hoc|iPhoneSimulator.Build.0 = Ad-Hoc|iPhoneSimulator
		{436C0E46-E101-4530-817B-74ACB6F7759C}.AppStore|Any CPU.ActiveCfg = AppStore|iPhone
		{436C0E46-E101-4530-817B-74ACB6F7759C}.AppStore|iPhone.ActiveCfg = AppStore|iPhone
		{436C0E46-E101-4530-817B-74ACB6F7759C}.AppStore|iPhone.Build.0 = AppStore|iPhone
		{436C0E46-E101-4530-817B-74ACB6F7759C}.AppStore|iPhoneSimulator.ActiveCfg = AppStore|iPhoneSimulator
		{436C0E46-E101-4530-817B-74ACB6F7759C}.AppStore|iPhoneSimulator.Build.0 = AppStore|iPhoneSimulator
		{436C0E46-E101-4530-817B-74ACB6F7759C}.Debug|Any CPU.ActiveCfg = Debug|iPhone
		{436C0E46-E101-4530-817B-74ACB6F7759C}.Debug|iPhone.ActiveCfg = Debug|iPhone
		{436C0E46-E101-4530-817B-74ACB6F7759C}.Debug|iPhone.Build.0 = Debug|iPhone
		{436C0E46-E101-4530-817B-74ACB6F7759C}.Debug|iPhoneSimulator.ActiveCfg = Debug|iPhoneSimulator
		{436C0E46-E101-4530-817B-74ACB6F7759C}.Debug|iPhoneSimulator.Build.0 = Debug|iPhoneSimulator
		{436C0E46-E101-4530-817B-74ACB6F7759C}.Release|Any CPU.ActiveCfg = Release|iPhone
		{436C0E46-E101-4530-817B-74ACB6F7759C}.Release|iPhone.ActiveCfg = Release|iPhone
		{436C0E46-E101-4530-817B-74ACB6F7759C}.Release|iPhone.Build.0 = Release|iPhone
		{436C0E46-E101-4530-817B-74ACB6F7759C}.Release|iPhoneSimulator.ActiveCfg = Release|iPhoneSimulator
		{436C0E46-E101-4530-817B-74ACB6F7759C}.Release|iPhoneSimulator.Build.0 = Release|iPhoneSimulator
	EndGlobalSection
	GlobalSection(SolutionProperties) = preSolution
		HideSolutionNode = FALSE
	EndGlobalSection
	GlobalSection(ExtensibilityGlobals) = postSolution
		SolutionGuid = {48A73C1C-DFC5-4C30-946C-E212259EC9EE}
	EndGlobalSection
EndGlobal
